// !$*UTF8*$!
{
	archiveVersion = 1;
	classes = {
	};
	objectVersion = 56;
	objects = {

/* Begin PBXBuildFile section */
		98F3E3582ACCA10600481A91 /* AppDelegate.swift in Sources */ = {isa = PBXBuildFile; fileRef = 98F3E3572ACCA10600481A91 /* AppDelegate.swift */; };
		98F3E35A2ACCA10600481A91 /* SceneDelegate.swift in Sources */ = {isa = PBXBuildFile; fileRef = 98F3E3592ACCA10600481A91 /* SceneDelegate.swift */; };
		98F3E35F2ACCA10600481A91 /* Main.storyboard in Resources */ = {isa = PBXBuildFile; fileRef = 98F3E35D2ACCA10600481A91 /* Main.storyboard */; };
		98F3E3612ACCA10700481A91 /* Assets.xcassets in Resources */ = {isa = PBXBuildFile; fileRef = 98F3E3602ACCA10700481A91 /* Assets.xcassets */; };
		98F3E3642ACCA10700481A91 /* LaunchScreen.storyboard in Resources */ = {isa = PBXBuildFile; fileRef = 98F3E3622ACCA10700481A91 /* LaunchScreen.storyboard */; };
		98F3E36F2ACCA87100481A91 /* Lottie in Frameworks */ = {isa = PBXBuildFile; productRef = 98F3E36E2ACCA87100481A91 /* Lottie */; };
		98F3E3722ACCA92C00481A91 /* FirstVCViewController.swift in Sources */ = {isa = PBXBuildFile; fileRef = 98F3E3712ACCA92C00481A91 /* FirstVCViewController.swift */; };
		98F3E3802ACCADCE00481A91 /* rounded.json in Resources */ = {isa = PBXBuildFile; fileRef = 98F3E3772ACCADCD00481A91 /* rounded.json */; };
		98F3E3812ACCADCE00481A91 /* confetti.json in Resources */ = {isa = PBXBuildFile; fileRef = 98F3E3782ACCADCD00481A91 /* confetti.json */; };
		98F3E3822ACCADCE00481A91 /* consultation.json in Resources */ = {isa = PBXBuildFile; fileRef = 98F3E3792ACCADCD00481A91 /* consultation.json */; };
		98F3E3832ACCADCE00481A91 /* security.json in Resources */ = {isa = PBXBuildFile; fileRef = 98F3E37A2ACCADCD00481A91 /* security.json */; };
		98F3E3842ACCADCE00481A91 /* eye.json in Resources */ = {isa = PBXBuildFile; fileRef = 98F3E37B2ACCADCD00481A91 /* eye.json */; };
		98F3E3852ACCADCE00481A91 /* avatar.json in Resources */ = {isa = PBXBuildFile; fileRef = 98F3E37C2ACCADCD00481A91 /* avatar.json */; };
		98F3E3862ACCADCE00481A91 /* avatar-man.json in Resources */ = {isa = PBXBuildFile; fileRef = 98F3E37D2ACCADCD00481A91 /* avatar-man.json */; };
		98F3E3872ACCADCE00481A91 /* speakers.json in Resources */ = {isa = PBXBuildFile; fileRef = 98F3E37E2ACCADCE00481A91 /* speakers.json */; };
		98F3E3882ACCADCE00481A91 /* down.json in Resources */ = {isa = PBXBuildFile; fileRef = 98F3E37F2ACCADCE00481A91 /* down.json */; };
/* End PBXBuildFile section */

/* Begin PBXFileReference section */
		98F3E3542ACCA10600481A91 /* HomeWork23-1.app */ = {isa = PBXFileReference; explicitFileType = wrapper.application; includeInIndex = 0; path = "HomeWork23-1.app"; sourceTree = BUILT_PRODUCTS_DIR; };
		98F3E3572ACCA10600481A91 /* AppDelegate.swift */ = {isa = PBXFileReference; lastKnownFileType = sourcecode.swift; path = AppDelegate.swift; sourceTree = "<group>"; };
		98F3E3592ACCA10600481A91 /* SceneDelegate.swift */ = {isa = PBXFileReference; lastKnownFileType = sourcecode.swift; path = SceneDelegate.swift; sourceTree = "<group>"; };
		98F3E35E2ACCA10600481A91 /* Base */ = {isa = PBXFileReference; lastKnownFileType = file.storyboard; name = Base; path = Base.lproj/Main.storyboard; sourceTree = "<group>"; };
		98F3E3602ACCA10700481A91 /* Assets.xcassets */ = {isa = PBXFileReference; lastKnownFileType = folder.assetcatalog; path = Assets.xcassets; sourceTree = "<group>"; };
		98F3E3632ACCA10700481A91 /* Base */ = {isa = PBXFileReference; lastKnownFileType = file.storyboard; name = Base; path = Base.lproj/LaunchScreen.storyboard; sourceTree = "<group>"; };
		98F3E3652ACCA10700481A91 /* Info.plist */ = {isa = PBXFileReference; lastKnownFileType = text.plist.xml; path = Info.plist; sourceTree = "<group>"; };
		98F3E3712ACCA92C00481A91 /* FirstVCViewController.swift */ = {isa = PBXFileReference; lastKnownFileType = sourcecode.swift; path = FirstVCViewController.swift; sourceTree = "<group>"; };
		98F3E3772ACCADCD00481A91 /* rounded.json */ = {isa = PBXFileReference; fileEncoding = 4; lastKnownFileType = text.json; path = rounded.json; sourceTree = "<group>"; };
		98F3E3782ACCADCD00481A91 /* confetti.json */ = {isa = PBXFileReference; fileEncoding = 4; lastKnownFileType = text.json; path = confetti.json; sourceTree = "<group>"; };
		98F3E3792ACCADCD00481A91 /* consultation.json */ = {isa = PBXFileReference; fileEncoding = 4; lastKnownFileType = text.json; path = consultation.json; sourceTree = "<group>"; };
		98F3E37A2ACCADCD00481A91 /* security.json */ = {isa = PBXFileReference; fileEncoding = 4; lastKnownFileType = text.json; path = security.json; sourceTree = "<group>"; };
		98F3E37B2ACCADCD00481A91 /* eye.json */ = {isa = PBXFileReference; fileEncoding = 4; lastKnownFileType = text.json; path = eye.json; sourceTree = "<group>"; };
		98F3E37C2ACCADCD00481A91 /* avatar.json */ = {isa = PBXFileReference; fileEncoding = 4; lastKnownFileType = text.json; path = avatar.json; sourceTree = "<group>"; };
		98F3E37D2ACCADCD00481A91 /* avatar-man.json */ = {isa = PBXFileReference; fileEncoding = 4; lastKnownFileType = text.json; path = "avatar-man.json"; sourceTree = "<group>"; };
		98F3E37E2ACCADCE00481A91 /* speakers.json */ = {isa = PBXFileReference; fileEncoding = 4; lastKnownFileType = text.json; path = speakers.json; sourceTree = "<group>"; };
		98F3E37F2ACCADCE00481A91 /* down.json */ = {isa = PBXFileReference; fileEncoding = 4; lastKnownFileType = text.json; path = down.json; sourceTree = "<group>"; };
/* End PBXFileReference section */

/* Begin PBXFrameworksBuildPhase section */
		98F3E3512ACCA10600481A91 /* Frameworks */ = {
			isa = PBXFrameworksBuildPhase;
			buildActionMask = 2147483647;
			files = (
				98F3E36F2ACCA87100481A91 /* Lottie in Frameworks */,
			);
			runOnlyForDeploymentPostprocessing = 0;
		};
/* End PBXFrameworksBuildPhase section */

/* Begin PBXGroup section */
		98F3E34B2ACCA10600481A91 = {
			isa = PBXGroup;
			children = (
				98F3E3562ACCA10600481A91 /* HomeWork23-1 */,
				98F3E3552ACCA10600481A91 /* Products */,
			);
			sourceTree = "<group>";
		};
		98F3E3552ACCA10600481A91 /* Products */ = {
			isa = PBXGroup;
			children = (
				98F3E3542ACCA10600481A91 /* HomeWork23-1.app */,
			);
			name = Products;
			sourceTree = "<group>";
		};
		98F3E3562ACCA10600481A91 /* HomeWork23-1 */ = {
			isa = PBXGroup;
			children = (
				98F3E3732ACCA98200481A91 /* Extencions */,
				98F3E3702ACCA91300481A91 /* Controllers */,
				98F3E36B2ACCA11400481A91 /* Views */,
				98F3E36C2ACCA12000481A91 /* App */,
				98F3E3742ACCAD7900481A91 /* Animactions */,
				98F3E3602ACCA10700481A91 /* Assets.xcassets */,
				98F3E3652ACCA10700481A91 /* Info.plist */,
			);
			path = "HomeWork23-1";
			sourceTree = "<group>";
		};
		98F3E36B2ACCA11400481A91 /* Views */ = {
			isa = PBXGroup;
			children = (
				98F3E35D2ACCA10600481A91 /* Main.storyboard */,
				98F3E3622ACCA10700481A91 /* LaunchScreen.storyboard */,
			);
			path = Views;
			sourceTree = "<group>";
		};
		98F3E36C2ACCA12000481A91 /* App */ = {
			isa = PBXGroup;
			children = (
				98F3E3572ACCA10600481A91 /* AppDelegate.swift */,
				98F3E3592ACCA10600481A91 /* SceneDelegate.swift */,
			);
			path = App;
			sourceTree = "<group>";
		};
		98F3E3702ACCA91300481A91 /* Controllers */ = {
			isa = PBXGroup;
			children = (
				98F3E3712ACCA92C00481A91 /* FirstVCViewController.swift */,
			);
			path = Controllers;
			sourceTree = "<group>";
		};
		98F3E3732ACCA98200481A91 /* Extencions */ = {
			isa = PBXGroup;
			children = (
			);
			path = Extencions;
			sourceTree = "<group>";
		};
		98F3E3742ACCAD7900481A91 /* Animactions */ = {
			isa = PBXGroup;
			children = (
				98F3E37C2ACCADCD00481A91 /* avatar.json */,
				98F3E37B2ACCADCD00481A91 /* eye.json */,
				98F3E3772ACCADCD00481A91 /* rounded.json */,
				98F3E37D2ACCADCD00481A91 /* avatar-man.json */,
				98F3E37A2ACCADCD00481A91 /* security.json */,
				98F3E3792ACCADCD00481A91 /* consultation.json */,
				98F3E37E2ACCADCE00481A91 /* speakers.json */,
				98F3E3782ACCADCD00481A91 /* confetti.json */,
				98F3E37F2ACCADCE00481A91 /* down.json */,
			);
			path = Animactions;
			sourceTree = "<group>";
		};
/* End PBXGroup section */

/* Begin PBXNativeTarget section */
		98F3E3532ACCA10600481A91 /* HomeWork23-1 */ = {
			isa = PBXNativeTarget;
			buildConfigurationList = 98F3E3682ACCA10700481A91 /* Build configuration list for PBXNativeTarget "HomeWork23-1" */;
			buildPhases = (
				98F3E3502ACCA10600481A91 /* Sources */,
				98F3E3512ACCA10600481A91 /* Frameworks */,
				98F3E3522ACCA10600481A91 /* Resources */,
			);
			buildRules = (
			);
			dependencies = (
			);
			name = "HomeWork23-1";
			packageProductDependencies = (
				98F3E36E2ACCA87100481A91 /* Lottie */,
			);
			productName = "HomeWork23-1";
			productReference = 98F3E3542ACCA10600481A91 /* HomeWork23-1.app */;
			productType = "com.apple.product-type.application";
		};
/* End PBXNativeTarget section */

/* Begin PBXProject section */
		98F3E34C2ACCA10600481A91 /* Project object */ = {
			isa = PBXProject;
			attributes = {
				BuildIndependentTargetsInParallel = 1;
				LastSwiftUpdateCheck = 1500;
				LastUpgradeCheck = 1500;
				TargetAttributes = {
					98F3E3532ACCA10600481A91 = {
						CreatedOnToolsVersion = 15.0;
					};
				};
			};
			buildConfigurationList = 98F3E34F2ACCA10600481A91 /* Build configuration list for PBXProject "HomeWork23-1" */;
			compatibilityVersion = "Xcode 14.0";
			developmentRegion = en;
			hasScannedForEncodings = 0;
			knownRegions = (
				en,
				Base,
			);
			mainGroup = 98F3E34B2ACCA10600481A91;
			packageReferences = (
				98F3E36D2ACCA87100481A91 /* XCRemoteSwiftPackageReference "lottie-spm" */,
			);
			productRefGroup = 98F3E3552ACCA10600481A91 /* Products */;
			projectDirPath = "";
			projectRoot = "";
			targets = (
				98F3E3532ACCA10600481A91 /* HomeWork23-1 */,
			);
		};
/* End PBXProject section */

/* Begin PBXResourcesBuildPhase section */
		98F3E3522ACCA10600481A91 /* Resources */ = {
			isa = PBXResourcesBuildPhase;
			buildActionMask = 2147483647;
			files = (
				98F3E3812ACCADCE00481A91 /* confetti.json in Resources */,
				98F3E3872ACCADCE00481A91 /* speakers.json in Resources */,
				98F3E3642ACCA10700481A91 /* LaunchScreen.storyboard in Resources */,
				98F3E3832ACCADCE00481A91 /* security.json in Resources */,
				98F3E3842ACCADCE00481A91 /* eye.json in Resources */,
				98F3E3822ACCADCE00481A91 /* consultation.json in Resources */,
				98F3E3852ACCADCE00481A91 /* avatar.json in Resources */,
				98F3E3802ACCADCE00481A91 /* rounded.json in Resources */,
				98F3E3882ACCADCE00481A91 /* down.json in Resources */,
				98F3E3862ACCADCE00481A91 /* avatar-man.json in Resources */,
				98F3E3612ACCA10700481A91 /* Assets.xcassets in Resources */,
				98F3E35F2ACCA10600481A91 /* Main.storyboard in Resources */,
			);
			runOnlyForDeploymentPostprocessing = 0;
		};
/* End PBXResourcesBuildPhase section */

/* Begin PBXSourcesBuildPhase section */
		98F3E3502ACCA10600481A91 /* Sources */ = {
			isa = PBXSourcesBuildPhase;
			buildActionMask = 2147483647;
			files = (
				98F3E3722ACCA92C00481A91 /* FirstVCViewController.swift in Sources */,
				98F3E3582ACCA10600481A91 /* AppDelegate.swift in Sources */,
				98F3E35A2ACCA10600481A91 /* SceneDelegate.swift in Sources */,
			);
			runOnlyForDeploymentPostprocessing = 0;
		};
/* End PBXSourcesBuildPhase section */

/* Begin PBXVariantGroup section */
		98F3E35D2ACCA10600481A91 /* Main.storyboard */ = {
			isa = PBXVariantGroup;
			children = (
				98F3E35E2ACCA10600481A91 /* Base */,
			);
			name = Main.storyboard;
			sourceTree = "<group>";
		};
		98F3E3622ACCA10700481A91 /* LaunchScreen.storyboard */ = {
			isa = PBXVariantGroup;
			children = (
				98F3E3632ACCA10700481A91 /* Base */,
			);
			name = LaunchScreen.storyboard;
			sourceTree = "<group>";
		};
/* End PBXVariantGroup section */

/* Begin XCBuildConfiguration section */
		98F3E3662ACCA10700481A91 /* Debug */ = {
			isa = XCBuildConfiguration;
			buildSettings = {
				ALWAYS_SEARCH_USER_PATHS = NO;
				ASSETCATALOG_COMPILER_GENERATE_SWIFT_ASSET_SYMBOL_EXTENSIONS = YES;
				CLANG_ANALYZER_NONNULL = YES;
				CLANG_ANALYZER_NUMBER_OBJECT_CONVERSION = YES_AGGRESSIVE;
				CLANG_CXX_LANGUAGE_STANDARD = "gnu++20";
				CLANG_ENABLE_MODULES = YES;
				CLANG_ENABLE_OBJC_ARC = YES;
				CLANG_ENABLE_OBJC_WEAK = YES;
				CLANG_WARN_BLOCK_CAPTURE_AUTORELEASING = YES;
				CLANG_WARN_BOOL_CONVERSION = YES;
				CLANG_WARN_COMMA = YES;
				CLANG_WARN_CONSTANT_CONVERSION = YES;
				CLANG_WARN_DEPRECATED_OBJC_IMPLEMENTATIONS = YES;
				CLANG_WARN_DIRECT_OBJC_ISA_USAGE = YES_ERROR;
				CLANG_WARN_DOCUMENTATION_COMMENTS = YES;
				CLANG_WARN_EMPTY_BODY = YES;
				CLANG_WARN_ENUM_CONVERSION = YES;
				CLANG_WARN_INFINITE_RECURSION = YES;
				CLANG_WARN_INT_CONVERSION = YES;
				CLANG_WARN_NON_LITERAL_NULL_CONVERSION = YES;
				CLANG_WARN_OBJC_IMPLICIT_RETAIN_SELF = YES;
				CLANG_WARN_OBJC_LITERAL_CONVERSION = YES;
				CLANG_WARN_OBJC_ROOT_CLASS = YES_ERROR;
				CLANG_WARN_QUOTED_INCLUDE_IN_FRAMEWORK_HEADER = YES;
				CLANG_WARN_RANGE_LOOP_ANALYSIS = YES;
				CLANG_WARN_STRICT_PROTOTYPES = YES;
				CLANG_WARN_SUSPICIOUS_MOVE = YES;
				CLANG_WARN_UNGUARDED_AVAILABILITY = YES_AGGRESSIVE;
				CLANG_WARN_UNREACHABLE_CODE = YES;
				CLANG_WARN__DUPLICATE_METHOD_MATCH = YES;
				COPY_PHASE_STRIP = NO;
				DEBUG_INFORMATION_FORMAT = dwarf;
				ENABLE_STRICT_OBJC_MSGSEND = YES;
				ENABLE_TESTABILITY = YES;
				ENABLE_USER_SCRIPT_SANDBOXING = YES;
				GCC_C_LANGUAGE_STANDARD = gnu17;
				GCC_DYNAMIC_NO_PIC = NO;
				GCC_NO_COMMON_BLOCKS = YES;
				GCC_OPTIMIZATION_LEVEL = 0;
				GCC_PREPROCESSOR_DEFINITIONS = (
					"DEBUG=1",
					"$(inherited)",
				);
				GCC_WARN_64_TO_32_BIT_CONVERSION = YES;
				GCC_WARN_ABOUT_RETURN_TYPE = YES_ERROR;
				GCC_WARN_UNDECLARED_SELECTOR = YES;
				GCC_WARN_UNINITIALIZED_AUTOS = YES_AGGRESSIVE;
				GCC_WARN_UNUSED_FUNCTION = YES;
				GCC_WARN_UNUSED_VARIABLE = YES;
				IPHONEOS_DEPLOYMENT_TARGET = 17.0;
				LOCALIZATION_PREFERS_STRING_CATALOGS = YES;
				MTL_ENABLE_DEBUG_INFO = INCLUDE_SOURCE;
				MTL_FAST_MATH = YES;
				ONLY_ACTIVE_ARCH = YES;
				SDKROOT = iphoneos;
				SWIFT_ACTIVE_COMPILATION_CONDITIONS = "DEBUG $(inherited)";
				SWIFT_OPTIMIZATION_LEVEL = "-Onone";
			};
			name = Debug;
		};
		98F3E3672ACCA10700481A91 /* Release */ = {
			isa = XCBuildConfiguration;
			buildSettings = {
				ALWAYS_SEARCH_USER_PATHS = NO;
				ASSETCATALOG_COMPILER_GENERATE_SWIFT_ASSET_SYMBOL_EXTENSIONS = YES;
				CLANG_ANALYZER_NONNULL = YES;
				CLANG_ANALYZER_NUMBER_OBJECT_CONVERSION = YES_AGGRESSIVE;
				CLANG_CXX_LANGUAGE_STANDARD = "gnu++20";
				CLANG_ENABLE_MODULES = YES;
				CLANG_ENABLE_OBJC_ARC = YES;
				CLANG_ENABLE_OBJC_WEAK = YES;
				CLANG_WARN_BLOCK_CAPTURE_AUTORELEASING = YES;
				CLANG_WARN_BOOL_CONVERSION = YES;
				CLANG_WARN_COMMA = YES;
				CLANG_WARN_CONSTANT_CONVERSION = YES;
				CLANG_WARN_DEPRECATED_OBJC_IMPLEMENTATIONS = YES;
				CLANG_WARN_DIRECT_OBJC_ISA_USAGE = YES_ERROR;
				CLANG_WARN_DOCUMENTATION_COMMENTS = YES;
				CLANG_WARN_EMPTY_BODY = YES;
				CLANG_WARN_ENUM_CONVERSION = YES;
				CLANG_WARN_INFINITE_RECURSION = YES;
				CLANG_WARN_INT_CONVERSION = YES;
				CLANG_WARN_NON_LITERAL_NULL_CONVERSION = YES;
				CLANG_WARN_OBJC_IMPLICIT_RETAIN_SELF = YES;
				CLANG_WARN_OBJC_LITERAL_CONVERSION = YES;
				CLANG_WARN_OBJC_ROOT_CLASS = YES_ERROR;
				CLANG_WARN_QUOTED_INCLUDE_IN_FRAMEWORK_HEADER = YES;
				CLANG_WARN_RANGE_LOOP_ANALYSIS = YES;
				CLANG_WARN_STRICT_PROTOTYPES = YES;
				CLANG_WARN_SUSPICIOUS_MOVE = YES;
				CLANG_WARN_UNGUARDED_AVAILABILITY = YES_AGGRESSIVE;
				CLANG_WARN_UNREACHABLE_CODE = YES;
				CLANG_WARN__DUPLICATE_METHOD_MATCH = YES;
				COPY_PHASE_STRIP = NO;
				DEBUG_INFORMATION_FORMAT = "dwarf-with-dsym";
				ENABLE_NS_ASSERTIONS = NO;
				ENABLE_STRICT_OBJC_MSGSEND = YES;
				ENABLE_USER_SCRIPT_SANDBOXING = YES;
				GCC_C_LANGUAGE_STANDARD = gnu17;
				GCC_NO_COMMON_BLOCKS = YES;
				GCC_WARN_64_TO_32_BIT_CONVERSION = YES;
				GCC_WARN_ABOUT_RETURN_TYPE = YES_ERROR;
				GCC_WARN_UNDECLARED_SELECTOR = YES;
				GCC_WARN_UNINITIALIZED_AUTOS = YES_AGGRESSIVE;
				GCC_WARN_UNUSED_FUNCTION = YES;
				GCC_WARN_UNUSED_VARIABLE = YES;
				IPHONEOS_DEPLOYMENT_TARGET = 17.0;
				LOCALIZATION_PREFERS_STRING_CATALOGS = YES;
				MTL_ENABLE_DEBUG_INFO = NO;
				MTL_FAST_MATH = YES;
				SDKROOT = iphoneos;
				SWIFT_COMPILATION_MODE = wholemodule;
				VALIDATE_PRODUCT = YES;
			};
			name = Release;
		};
		98F3E3692ACCA10700481A91 /* Debug */ = {
			isa = XCBuildConfiguration;
			buildSettings = {
				ASSETCATALOG_COMPILER_APPICON_NAME = AppIcon;
				ASSETCATALOG_COMPILER_GLOBAL_ACCENT_COLOR_NAME = AccentColor;
				CODE_SIGN_STYLE = Automatic;
				CURRENT_PROJECT_VERSION = 1;
				DEVELOPMENT_TEAM = MCK9LL98Q8;
				GENERATE_INFOPLIST_FILE = YES;
				INFOPLIST_FILE = "HomeWork23-1/Info.plist";
				INFOPLIST_KEY_UIApplicationSupportsIndirectInputEvents = YES;
				INFOPLIST_KEY_UILaunchStoryboardName = LaunchScreen;
				INFOPLIST_KEY_UIMainStoryboardFile = Main;
				INFOPLIST_KEY_UISupportedInterfaceOrientations_iPad = "UIInterfaceOrientationPortrait UIInterfaceOrientationPortraitUpsideDown UIInterfaceOrientationLandscapeLeft UIInterfaceOrientationLandscapeRight";
				INFOPLIST_KEY_UISupportedInterfaceOrientations_iPhone = "UIInterfaceOrientationPortrait UIInterfaceOrientationLandscapeLeft UIInterfaceOrientationLandscapeRight";
				LD_RUNPATH_SEARCH_PATHS = (
					"$(inherited)",
					"@executable_path/Frameworks",
				);
				MARKETING_VERSION = 1.0;
				PRODUCT_BUNDLE_IDENTIFIER = "by.HomeWork23-1";
				PRODUCT_NAME = "$(TARGET_NAME)";
				SWIFT_EMIT_LOC_STRINGS = YES;
				SWIFT_VERSION = 5.0;
				TARGETED_DEVICE_FAMILY = "1,2";
			};
			name = Debug;
		};
		98F3E36A2ACCA10700481A91 /* Release */ = {
			isa = XCBuildConfiguration;
			buildSettings = {
				ASSETCATALOG_COMPILER_APPICON_NAME = AppIcon;
				ASSETCATALOG_COMPILER_GLOBAL_ACCENT_COLOR_NAME = AccentColor;
				CODE_SIGN_STYLE = Automatic;
				CURRENT_PROJECT_VERSION = 1;
				DEVELOPMENT_TEAM = MCK9LL98Q8;
				GENERATE_INFOPLIST_FILE = YES;
				INFOPLIST_FILE = "HomeWork23-1/Info.plist";
				INFOPLIST_KEY_UIApplicationSupportsIndirectInputEvents = YES;
				INFOPLIST_KEY_UILaunchStoryboardName = LaunchScreen;
				INFOPLIST_KEY_UIMainStoryboardFile = Main;
				INFOPLIST_KEY_UISupportedInterfaceOrientations_iPad = "UIInterfaceOrientationPortrait UIInterfaceOrientationPortraitUpsideDown UIInterfaceOrientationLandscapeLeft UIInterfaceOrientationLandscapeRight";
				INFOPLIST_KEY_UISupportedInterfaceOrientations_iPhone = "UIInterfaceOrientationPortrait UIInterfaceOrientationLandscapeLeft UIInterfaceOrientationLandscapeRight";
				LD_RUNPATH_SEARCH_PATHS = (
					"$(inherited)",
					"@executable_path/Frameworks",
				);
				MARKETING_VERSION = 1.0;
				PRODUCT_BUNDLE_IDENTIFIER = "by.HomeWork23-1";
				PRODUCT_NAME = "$(TARGET_NAME)";
				SWIFT_EMIT_LOC_STRINGS = YES;
				SWIFT_VERSION = 5.0;
				TARGETED_DEVICE_FAMILY = "1,2";
			};
			name = Release;
		};
/* End XCBuildConfiguration section */

/* Begin XCConfigurationList section */
		98F3E34F2ACCA10600481A91 /* Build configuration list for PBXProject "HomeWork23-1" */ = {
			isa = XCConfigurationList;
			buildConfigurations = (
				98F3E3662ACCA10700481A91 /* Debug */,
				98F3E3672ACCA10700481A91 /* Release */,
			);
			defaultConfigurationIsVisible = 0;
			defaultConfigurationName = Release;
		};
		98F3E3682ACCA10700481A91 /* Build configuration list for PBXNativeTarget "HomeWork23-1" */ = {
			isa = XCConfigurationList;
			buildConfigurations = (
				98F3E3692ACCA10700481A91 /* Debug */,
				98F3E36A2ACCA10700481A91 /* Release */,
			);
			defaultConfigurationIsVisible = 0;
			defaultConfigurationName = Release;
		};
/* End XCConfigurationList section */

/* Begin XCRemoteSwiftPackageReference section */
		98F3E36D2ACCA87100481A91 /* XCRemoteSwiftPackageReference "lottie-spm" */ = {
			isa = XCRemoteSwiftPackageReference;
			repositoryURL = "https://github.com/airbnb/lottie-spm.git";
			requirement = {
				kind = upToNextMajorVersion;
				minimumVersion = 4.3.3;
			};
		};
/* End XCRemoteSwiftPackageReference section */

/* Begin XCSwiftPackageProductDependency section */
		98F3E36E2ACCA87100481A91 /* Lottie */ = {
			isa = XCSwiftPackageProductDependency;
			package = 98F3E36D2ACCA87100481A91 /* XCRemoteSwiftPackageReference "lottie-spm" */;
			productName = Lottie;
		};
/* End XCSwiftPackageProductDependency section */
	};
	rootObject = 98F3E34C2ACCA10600481A91 /* Project object */;
}
